
Microsoft Visual Studio Solution File, Format Version 12.00
# Visual Studio 14
VisualStudioVersion = 14.0.25420.1
MinimumVisualStudioVersion = 10.0.40219.1
Project("{FAE04EC0-301F-11D3-BF4B-00C04F79EFBC}") = "FacturaElectronica", "FacturaElectronica\FacturaElectronica.csproj", "{1979E2A9-0BE0-4950-BFA2-3E056F275EF2}"
EndProject
Project("{FAE04EC0-301F-11D3-BF4B-00C04F79EFBC}") = "ProbadorCFDI33", "ProbadorCFDI33\ProbadorCFDI33.csproj", "{F258B45C-DAF2-46B1-98EF-CEA8CCEAAFA2}"
EndProject
Global
	GlobalSection(SolutionConfigurationPlatforms) = preSolution
		Debug|Any CPU = Debug|Any CPU
		Release|Any CPU = Release|Any CPU
	EndGlobalSection
	GlobalSection(ProjectConfigurationPlatforms) = postSolution
		{1979E2A9-0BE0-4950-BFA2-3E056F275EF2}.Debug|Any CPU.ActiveCfg = Debug|Any CPU
		{1979E2A9-0BE0-4950-BFA2-3E056F275EF2}.Debug|Any CPU.Build.0 = Debug|Any CPU
		{1979E2A9-0BE0-4950-BFA2-3E056F275EF2}.Release|Any CPU.ActiveCfg = Release|Any CPU
		{1979E2A9-0BE0-4950-BFA2-3E056F275EF2}.Release|Any CPU.Build.0 = Release|Any CPU
		{F258B45C-DAF2-46B1-98EF-CEA8CCEAAFA2}.Debug|Any CPU.ActiveCfg = Debug|Any CPU
		{F258B45C-DAF2-46B1-98EF-CEA8CCEAAFA2}.Debug|Any CPU.Build.0 = Debug|Any CPU
		{F258B45C-DAF2-46B1-98EF-CEA8CCEAAFA2}.Release|Any CPU.ActiveCfg = Release|Any CPU
		{F258B45C-DAF2-46B1-98EF-CEA8CCEAAFA2}.Release|Any CPU.Build.0 = Release|Any CPU
	EndGlobalSection
	GlobalSection(SolutionProperties) = preSolution
		HideSolutionNode = FALSE
	EndGlobalSection
	
EndGlobal
